
Microsoft Visual Studio Solution File, Format Version 12.00
# Visual Studio 15
VisualStudioVersion = 15.0.26730.16
MinimumVisualStudioVersion = 10.0.40219.1
Project("{FAE04EC0-301F-11D3-BF4B-00C04F79EFBC}") = "CarClass", "CarClass\CarClass.csproj", "{9FFD8C91-D9E0-4D06-A23E-B74A35493F8A}"
EndProject
Global
	GlobalSection(SolutionConfigurationPlatforms) = preSolution
		Debug|Any CPU = Debug|Any CPU
		Release|Any CPU = Release|Any CPU
	EndGlobalSection
	GlobalSection(ProjectConfigurationPlatforms) = postSolution
		{9FFD8C91-D9E0-4D06-A23E-B74A35493F8A}.Debug|Any CPU.ActiveCfg = Debug|Any CPU
		{9FFD8C91-D9E0-4D06-A23E-B74A35493F8A}.Debug|Any CPU.Build.0 = Debug|Any CPU
		{9FFD8C91-D9E0-4D06-A23E-B74A35493F8A}.Release|Any CPU.ActiveCfg = Release|Any CPU
		{9FFD8C91-D9E0-4D06-A23E-B74A35493F8A}.Release|Any CPU.Build.0 = Release|Any CPU
	EndGlobalSection
	GlobalSection(SolutionProperties) = preSolution
		HideSolutionNode = FALSE
	EndGlobalSection
	GlobalSection(ExtensibilityGlobals) = postSolution
		SolutionGuid = {8844C619-C390-47D9-B278-9C441288AEA6}
	EndGlobalSection
EndGlobal
