
Microsoft Visual Studio Solution File, Format Version 12.00
# Visual Studio 15
VisualStudioVersion = 15.0.26730.16
MinimumVisualStudioVersion = 10.0.40219.1
Project("{FAE04EC0-301F-11D3-BF4B-00C04F79EFBC}") = "Task-Person", "Task-Person\Task-Person.csproj", "{8EA4298A-7955-44B9-83E5-BA1D3ACDBDE0}"
EndProject
Global
	GlobalSection(SolutionConfigurationPlatforms) = preSolution
		Debug|Any CPU = Debug|Any CPU
		Release|Any CPU = Release|Any CPU
	EndGlobalSection
	GlobalSection(ProjectConfigurationPlatforms) = postSolution
		{8EA4298A-7955-44B9-83E5-BA1D3ACDBDE0}.Debug|Any CPU.ActiveCfg = Debug|Any CPU
		{8EA4298A-7955-44B9-83E5-BA1D3ACDBDE0}.Debug|Any CPU.Build.0 = Debug|Any CPU
		{8EA4298A-7955-44B9-83E5-BA1D3ACDBDE0}.Release|Any CPU.ActiveCfg = Release|Any CPU
		{8EA4298A-7955-44B9-83E5-BA1D3ACDBDE0}.Release|Any CPU.Build.0 = Release|Any CPU
	EndGlobalSection
	GlobalSection(SolutionProperties) = preSolution
		HideSolutionNode = FALSE
	EndGlobalSection
	GlobalSection(ExtensibilityGlobals) = postSolution
		SolutionGuid = {7539C6C3-BD3E-44A3-BB98-F01AB25A5750}
	EndGlobalSection
EndGlobal
